// !$*UTF8*$!
{
	archiveVersion = 1;
	classes = {
	};
	objectVersion = 46;
	objects = {

/* Begin PBXBuildFile section */
		9224C0511E06F58F00BE8DDD /* btn-power.png in Resources */ = {isa = PBXBuildFile; fileRef = 9224C0501E06F58F00BE8DDD /* btn-power.png */; };
		9224C0531E06F88F00BE8DDD /* ImagesTools.swift in Sources */ = {isa = PBXBuildFile; fileRef = 9224C0521E06F88F00BE8DDD /* ImagesTools.swift */; };
		9238DEF51E0722FE00350AB6 /* SshViewController.swift in Sources */ = {isa = PBXBuildFile; fileRef = 9238DEF41E0722FE00350AB6 /* SshViewController.swift */; };
		928B99AC1E0312D200992F02 /* AppDelegate.swift in Sources */ = {isa = PBXBuildFile; fileRef = 928B99AB1E0312D200992F02 /* AppDelegate.swift */; };
		928B99AE1E0312D200992F02 /* BrewViewController.swift in Sources */ = {isa = PBXBuildFile; fileRef = 928B99AD1E0312D200992F02 /* BrewViewController.swift */; };
		928B99B01E0312D200992F02 /* Assets.xcassets in Resources */ = {isa = PBXBuildFile; fileRef = 928B99AF1E0312D200992F02 /* Assets.xcassets */; };
		928B99B31E0312D200992F02 /* Main.storyboard in Resources */ = {isa = PBXBuildFile; fileRef = 928B99B11E0312D200992F02 /* Main.storyboard */; };
		928B99BB1E0313BE00992F02 /* CommandLine.swift in Sources */ = {isa = PBXBuildFile; fileRef = 928B99BA1E0313BE00992F02 /* CommandLine.swift */; };
		928B99BE1E0318F100992F02 /* NetworkTools.swift in Sources */ = {isa = PBXBuildFile; fileRef = 928B99BD1E0318F100992F02 /* NetworkTools.swift */; };
		92AF36091E06BAD900830DC9 /* TextGui.swift in Sources */ = {isa = PBXBuildFile; fileRef = 92AF36081E06BAD900830DC9 /* TextGui.swift */; };
		ADDE21581E093734007CCBF5 /* icon80x80.png in Resources */ = {isa = PBXBuildFile; fileRef = ADDE21561E093734007CCBF5 /* icon80x80.png */; };
		ADDE21591E093734007CCBF5 /* reload-icon-2.png in Resources */ = {isa = PBXBuildFile; fileRef = ADDE21571E093734007CCBF5 /* reload-icon-2.png */; };
/* End PBXBuildFile section */

/* Begin PBXFileReference section */
		9224C0501E06F58F00BE8DDD /* btn-power.png */ = {isa = PBXFileReference; lastKnownFileType = image.png; path = "btn-power.png"; sourceTree = "<group>"; };
		9224C0521E06F88F00BE8DDD /* ImagesTools.swift */ = {isa = PBXFileReference; fileEncoding = 4; lastKnownFileType = sourcecode.swift; path = ImagesTools.swift; sourceTree = "<group>"; };
		9238DEF41E0722FE00350AB6 /* SshViewController.swift */ = {isa = PBXFileReference; fileEncoding = 4; lastKnownFileType = sourcecode.swift; path = SshViewController.swift; sourceTree = "<group>"; };
		928B99A81E0312D200992F02 /* kTools.app */ = {isa = PBXFileReference; explicitFileType = wrapper.application; includeInIndex = 0; path = kTools.app; sourceTree = BUILT_PRODUCTS_DIR; };
		928B99AB1E0312D200992F02 /* AppDelegate.swift */ = {isa = PBXFileReference; lastKnownFileType = sourcecode.swift; path = AppDelegate.swift; sourceTree = "<group>"; };
		928B99AD1E0312D200992F02 /* BrewViewController.swift */ = {isa = PBXFileReference; lastKnownFileType = sourcecode.swift; path = BrewViewController.swift; sourceTree = "<group>"; };
		928B99AF1E0312D200992F02 /* Assets.xcassets */ = {isa = PBXFileReference; lastKnownFileType = folder.assetcatalog; path = Assets.xcassets; sourceTree = "<group>"; };
		928B99B21E0312D200992F02 /* Base */ = {isa = PBXFileReference; lastKnownFileType = file.storyboard; name = Base; path = Base.lproj/Main.storyboard; sourceTree = "<group>"; };
		928B99B41E0312D200992F02 /* Info.plist */ = {isa = PBXFileReference; lastKnownFileType = text.plist.xml; path = Info.plist; sourceTree = "<group>"; };
		928B99BA1E0313BE00992F02 /* CommandLine.swift */ = {isa = PBXFileReference; fileEncoding = 4; lastKnownFileType = sourcecode.swift; name = CommandLine.swift; path = Tools/CommandLine.swift; sourceTree = "<group>"; };
		928B99BD1E0318F100992F02 /* NetworkTools.swift */ = {isa = PBXFileReference; fileEncoding = 4; lastKnownFileType = sourcecode.swift; path = NetworkTools.swift; sourceTree = "<group>"; };
		92AF36081E06BAD900830DC9 /* TextGui.swift */ = {isa = PBXFileReference; fileEncoding = 4; lastKnownFileType = sourcecode.swift; path = TextGui.swift; sourceTree = "<group>"; };
		ADDE21561E093734007CCBF5 /* icon80x80.png */ = {isa = PBXFileReference; lastKnownFileType = image.png; path = icon80x80.png; sourceTree = "<group>"; };
		ADDE21571E093734007CCBF5 /* reload-icon-2.png */ = {isa = PBXFileReference; lastKnownFileType = image.png; path = "reload-icon-2.png"; sourceTree = "<group>"; };
/* End PBXFileReference section */

/* Begin PBXFrameworksBuildPhase section */
		928B99A51E0312D200992F02 /* Frameworks */ = {
			isa = PBXFrameworksBuildPhase;
			buildActionMask = 2147483647;
			files = (
			);
			runOnlyForDeploymentPostprocessing = 0;
		};
/* End PBXFrameworksBuildPhase section */

/* Begin PBXGroup section */
		9224C04B1E06F2BA00BE8DDD /* Images */ = {
			isa = PBXGroup;
			children = (
				ADDE21561E093734007CCBF5 /* icon80x80.png */,
				ADDE21571E093734007CCBF5 /* reload-icon-2.png */,
				9224C0501E06F58F00BE8DDD /* btn-power.png */,
			);
			path = Images;
			sourceTree = "<group>";
		};
		928B999F1E0312D200992F02 = {
			isa = PBXGroup;
			children = (
				928B99AA1E0312D200992F02 /* kTools */,
				928B99A91E0312D200992F02 /* Products */,
			);
			sourceTree = "<group>";
		};
		928B99A91E0312D200992F02 /* Products */ = {
			isa = PBXGroup;
			children = (
				928B99A81E0312D200992F02 /* kTools.app */,
			);
			name = Products;
			sourceTree = "<group>";
		};
		928B99AA1E0312D200992F02 /* kTools */ = {
			isa = PBXGroup;
			children = (
				9224C04B1E06F2BA00BE8DDD /* Images */,
				928B99BC1E0313C500992F02 /* Tools */,
				928B99AB1E0312D200992F02 /* AppDelegate.swift */,
				928B99AD1E0312D200992F02 /* BrewViewController.swift */,
				9238DEF41E0722FE00350AB6 /* SshViewController.swift */,
				928B99AF1E0312D200992F02 /* Assets.xcassets */,
				928B99B11E0312D200992F02 /* Main.storyboard */,
				928B99B41E0312D200992F02 /* Info.plist */,
			);
			path = kTools;
			sourceTree = "<group>";
		};
		928B99BC1E0313C500992F02 /* Tools */ = {
			isa = PBXGroup;
			children = (
				928B99BA1E0313BE00992F02 /* CommandLine.swift */,
				928B99BD1E0318F100992F02 /* NetworkTools.swift */,
				92AF36081E06BAD900830DC9 /* TextGui.swift */,
				9224C0521E06F88F00BE8DDD /* ImagesTools.swift */,
			);
			name = Tools;
			sourceTree = "<group>";
		};
/* End PBXGroup section */

/* Begin PBXNativeTarget section */
		928B99A71E0312D200992F02 /* kTools */ = {
			isa = PBXNativeTarget;
			buildConfigurationList = 928B99B71E0312D200992F02 /* Build configuration list for PBXNativeTarget "kTools" */;
			buildPhases = (
				928B99A41E0312D200992F02 /* Sources */,
				928B99A51E0312D200992F02 /* Frameworks */,
				928B99A61E0312D200992F02 /* Resources */,
			);
			buildRules = (
			);
			dependencies = (
			);
			name = kTools;
			productName = kTools;
			productReference = 928B99A81E0312D200992F02 /* kTools.app */;
			productType = "com.apple.product-type.application";
		};
/* End PBXNativeTarget section */

/* Begin PBXProject section */
		928B99A01E0312D200992F02 /* Project object */ = {
			isa = PBXProject;
			attributes = {
				LastSwiftUpdateCheck = 0810;
				LastUpgradeCheck = 0810;
				ORGANIZATIONNAME = Sunnyface.com;
				TargetAttributes = {
					928B99A71E0312D200992F02 = {
						CreatedOnToolsVersion = 8.1;
						DevelopmentTeam = 5F7825APZ5;
						ProvisioningStyle = Automatic;
					};
				};
			};
			buildConfigurationList = 928B99A31E0312D200992F02 /* Build configuration list for PBXProject "kTools" */;
			compatibilityVersion = "Xcode 3.2";
			developmentRegion = English;
			hasScannedForEncodings = 0;
			knownRegions = (
				en,
				Base,
			);
			mainGroup = 928B999F1E0312D200992F02;
			productRefGroup = 928B99A91E0312D200992F02 /* Products */;
			projectDirPath = "";
			projectRoot = "";
			targets = (
				928B99A71E0312D200992F02 /* kTools */,
			);
		};
/* End PBXProject section */

/* Begin PBXResourcesBuildPhase section */
		928B99A61E0312D200992F02 /* Resources */ = {
			isa = PBXResourcesBuildPhase;
			buildActionMask = 2147483647;
			files = (
				928B99B01E0312D200992F02 /* Assets.xcassets in Resources */,
				ADDE21581E093734007CCBF5 /* icon80x80.png in Resources */,
				9224C0511E06F58F00BE8DDD /* btn-power.png in Resources */,
				928B99B31E0312D200992F02 /* Main.storyboard in Resources */,
				ADDE21591E093734007CCBF5 /* reload-icon-2.png in Resources */,
			);
			runOnlyForDeploymentPostprocessing = 0;
		};
/* End PBXResourcesBuildPhase section */

/* Begin PBXSourcesBuildPhase section */
		928B99A41E0312D200992F02 /* Sources */ = {
			isa = PBXSourcesBuildPhase;
			buildActionMask = 2147483647;
			files = (
				928B99BE1E0318F100992F02 /* NetworkTools.swift in Sources */,
				9238DEF51E0722FE00350AB6 /* SshViewController.swift in Sources */,
				92AF36091E06BAD900830DC9 /* TextGui.swift in Sources */,
				928B99BB1E0313BE00992F02 /* CommandLine.swift in Sources */,
				9224C0531E06F88F00BE8DDD /* ImagesTools.swift in Sources */,
				928B99AE1E0312D200992F02 /* BrewViewController.swift in Sources */,
				928B99AC1E0312D200992F02 /* AppDelegate.swift in Sources */,
			);
			runOnlyForDeploymentPostprocessing = 0;
		};
/* End PBXSourcesBuildPhase section */

/* Begin PBXVariantGroup section */
		928B99B11E0312D200992F02 /* Main.storyboard */ = {
			isa = PBXVariantGroup;
			children = (
				928B99B21E0312D200992F02 /* Base */,
			);
			name = Main.storyboard;
			sourceTree = "<group>";
		};
/* End PBXVariantGroup section */

/* Begin XCBuildConfiguration section */
		928B99B51E0312D200992F02 /* Debug */ = {
			isa = XCBuildConfiguration;
			buildSettings = {
				ALWAYS_SEARCH_USER_PATHS = NO;
				CLANG_ANALYZER_NONNULL = YES;
				CLANG_CXX_LANGUAGE_STANDARD = "gnu++0x";
				CLANG_CXX_LIBRARY = "libc++";
				CLANG_ENABLE_MODULES = YES;
				CLANG_ENABLE_OBJC_ARC = YES;
				CLANG_WARN_BOOL_CONVERSION = YES;
				CLANG_WARN_CONSTANT_CONVERSION = YES;
				CLANG_WARN_DIRECT_OBJC_ISA_USAGE = YES_ERROR;
				CLANG_WARN_DOCUMENTATION_COMMENTS = YES;
				CLANG_WARN_EMPTY_BODY = YES;
				CLANG_WARN_ENUM_CONVERSION = YES;
				CLANG_WARN_INFINITE_RECURSION = YES;
				CLANG_WARN_INT_CONVERSION = YES;
				CLANG_WARN_OBJC_ROOT_CLASS = YES_ERROR;
				CLANG_WARN_SUSPICIOUS_MOVES = YES;
				CLANG_WARN_UNREACHABLE_CODE = YES;
				CLANG_WARN__DUPLICATE_METHOD_MATCH = YES;
				CODE_SIGN_IDENTITY = "-";
				COPY_PHASE_STRIP = NO;
				DEBUG_INFORMATION_FORMAT = dwarf;
				ENABLE_STRICT_OBJC_MSGSEND = YES;
				ENABLE_TESTABILITY = YES;
				GCC_C_LANGUAGE_STANDARD = gnu99;
				GCC_DYNAMIC_NO_PIC = NO;
				GCC_NO_COMMON_BLOCKS = YES;
				GCC_OPTIMIZATION_LEVEL = 0;
				GCC_PREPROCESSOR_DEFINITIONS = (
					"DEBUG=1",
					"$(inherited)",
				);
				GCC_WARN_64_TO_32_BIT_CONVERSION = YES;
				GCC_WARN_ABOUT_RETURN_TYPE = YES_ERROR;
				GCC_WARN_UNDECLARED_SELECTOR = YES;
				GCC_WARN_UNINITIALIZED_AUTOS = YES_AGGRESSIVE;
				GCC_WARN_UNUSED_FUNCTION = YES;
				GCC_WARN_UNUSED_VARIABLE = YES;
				MACOSX_DEPLOYMENT_TARGET = 10.12;
				MTL_ENABLE_DEBUG_INFO = YES;
				ONLY_ACTIVE_ARCH = YES;
				SDKROOT = macosx;
				SWIFT_ACTIVE_COMPILATION_CONDITIONS = DEBUG;
				SWIFT_OPTIMIZATION_LEVEL = "-Onone";
			};
			name = Debug;
		};
		928B99B61E0312D200992F02 /* Release */ = {
			isa = XCBuildConfiguration;
			buildSettings = {
				ALWAYS_SEARCH_USER_PATHS = NO;
				CLANG_ANALYZER_NONNULL = YES;
				CLANG_CXX_LANGUAGE_STANDARD = "gnu++0x";
				CLANG_CXX_LIBRARY = "libc++";
				CLANG_ENABLE_MODULES = YES;
				CLANG_ENABLE_OBJC_ARC = YES;
				CLANG_WARN_BOOL_CONVERSION = YES;
				CLANG_WARN_CONSTANT_CONVERSION = YES;
				CLANG_WARN_DIRECT_OBJC_ISA_USAGE = YES_ERROR;
				CLANG_WARN_DOCUMENTATION_COMMENTS = YES;
				CLANG_WARN_EMPTY_BODY = YES;
				CLANG_WARN_ENUM_CONVERSION = YES;
				CLANG_WARN_INFINITE_RECURSION = YES;
				CLANG_WARN_INT_CONVERSION = YES;
				CLANG_WARN_OBJC_ROOT_CLASS = YES_ERROR;
				CLANG_WARN_SUSPICIOUS_MOVES = YES;
				CLANG_WARN_UNREACHABLE_CODE = YES;
				CLANG_WARN__DUPLICATE_METHOD_MATCH = YES;
				CODE_SIGN_IDENTITY = "-";
				COPY_PHASE_STRIP = NO;
				DEBUG_INFORMATION_FORMAT = "dwarf-with-dsym";
				ENABLE_NS_ASSERTIONS = NO;
				ENABLE_STRICT_OBJC_MSGSEND = YES;
				GCC_C_LANGUAGE_STANDARD = gnu99;
				GCC_NO_COMMON_BLOCKS = YES;
				GCC_WARN_64_TO_32_BIT_CONVERSION = YES;
				GCC_WARN_ABOUT_RETURN_TYPE = YES_ERROR;
				GCC_WARN_UNDECLARED_SELECTOR = YES;
				GCC_WARN_UNINITIALIZED_AUTOS = YES_AGGRESSIVE;
				GCC_WARN_UNUSED_FUNCTION = YES;
				GCC_WARN_UNUSED_VARIABLE = YES;
				MACOSX_DEPLOYMENT_TARGET = 10.12;
				MTL_ENABLE_DEBUG_INFO = NO;
				SDKROOT = macosx;
				SWIFT_OPTIMIZATION_LEVEL = "-Owholemodule";
			};
			name = Release;
		};
		928B99B81E0312D200992F02 /* Debug */ = {
			isa = XCBuildConfiguration;
			buildSettings = {
				ASSETCATALOG_COMPILER_APPICON_NAME = AppIcon;
				COMBINE_HIDPI_IMAGES = YES;
				DEVELOPMENT_TEAM = 5F7825APZ5;
				INFOPLIST_FILE = kTools/Info.plist;
				LD_RUNPATH_SEARCH_PATHS = "$(inherited) @executable_path/../Frameworks";
				PRODUCT_BUNDLE_IDENTIFIER = com.sunnyface.kTools;
				PRODUCT_NAME = "$(TARGET_NAME)";
				SWIFT_VERSION = 3.0;
			};
			name = Debug;
		};
		928B99B91E0312D200992F02 /* Release */ = {
			isa = XCBuildConfiguration;
			buildSettings = {
				ASSETCATALOG_COMPILER_APPICON_NAME = AppIcon;
				COMBINE_HIDPI_IMAGES = YES;
				DEVELOPMENT_TEAM = 5F7825APZ5;
				INFOPLIST_FILE = kTools/Info.plist;
				LD_RUNPATH_SEARCH_PATHS = "$(inherited) @executable_path/../Frameworks";
				PRODUCT_BUNDLE_IDENTIFIER = com.sunnyface.kTools;
				PRODUCT_NAME = "$(TARGET_NAME)";
				SWIFT_VERSION = 3.0;
			};
			name = Release;
		};
/* End XCBuildConfiguration section */

/* Begin XCConfigurationList section */
		928B99A31E0312D200992F02 /* Build configuration list for PBXProject "kTools" */ = {
			isa = XCConfigurationList;
			buildConfigurations = (
				928B99B51E0312D200992F02 /* Debug */,
				928B99B61E0312D200992F02 /* Release */,
			);
			defaultConfigurationIsVisible = 0;
			defaultConfigurationName = Release;
		};
		928B99B71E0312D200992F02 /* Build configuration list for PBXNativeTarget "kTools" */ = {
			isa = XCConfigurationList;
			buildConfigurations = (
				928B99B81E0312D200992F02 /* Debug */,
				928B99B91E0312D200992F02 /* Release */,
			);
			defaultConfigurationIsVisible = 0;
			defaultConfigurationName = Release;
		};
/* End XCConfigurationList section */
	};
	rootObject = 928B99A01E0312D200992F02 /* Project object */;
}
